
Microsoft Visual Studio Solution File, Format Version 12.00
Project("{FAE04EC0-301F-11D3-BF4B-00C04F79EFBC}") = "Nulah.RSS.App", "Nulah.RSS.App\Nulah.RSS.App.csproj", "{302E3BFD-B11B-4D63-9C84-5E0FBC17DC01}"
EndProject
Project("{FAE04EC0-301F-11D3-BF4B-00C04F79EFBC}") = "Nulah.RSS.Api", "Nulah.RSS.Api\Nulah.RSS.Api.csproj", "{C9C412D8-BD93-41CD-A0CD-BAEA21602C42}"
EndProject
Project("{FAE04EC0-301F-11D3-BF4B-00C04F79EFBC}") = "Nulah.RSS.Core", "Nulah.RSS.Core\Nulah.RSS.Core.csproj", "{BFA71A1F-AC8C-497A-8691-B6C8B62E9F58}"
EndProject
Project("{2150E333-8FDC-42A3-9474-1A3956D46DE8}") = "Tests", "Tests", "{2F9629E2-62C0-4FD6-B1D6-1367072D4DFF}"
EndProject
Project("{FAE04EC0-301F-11D3-BF4B-00C04F79EFBC}") = "Nulah.RSS.Data", "Nulah.RSS.Data\Nulah.RSS.Data.csproj", "{BD5C123B-3327-4DF7-AD67-AC2631AF78D6}"
EndProject
Project("{FAE04EC0-301F-11D3-BF4B-00C04F79EFBC}") = "Nulah.RSS.Domain", "Nulah.RSS.Domain\Nulah.RSS.Domain.csproj", "{6A61519B-31BD-48B0-9F6E-052DC6E3CA24}"
EndProject
Project("{FAE04EC0-301F-11D3-BF4B-00C04F79EFBC}") = "Nulah.RSS.Core.UnitTests", "Tests\Nulah.RSS.Core.UnitTests\Nulah.RSS.Core.UnitTests.csproj", "{77ADD17E-CBC4-45B2-8804-C7D9CF3D68FA}"
EndProject
Project("{FAE04EC0-301F-11D3-BF4B-00C04F79EFBC}") = "Nulah.RSS.Api.UnitTests", "Tests\Nulah.RSS.Api.UnitTests\Nulah.RSS.Api.UnitTests.csproj", "{21526BE3-D4CF-42FC-9EC1-E75339DF8189}"
EndProject
Project("{FAE04EC0-301F-11D3-BF4B-00C04F79EFBC}") = "Nulah.RSS.Test.Shared", "Tests\Nulah.RSS.Test.Shared\Nulah.RSS.Test.Shared.csproj", "{4B29B928-4F45-4E7A-A240-D01B484689C3}"
EndProject
Project("{FAE04EC0-301F-11D3-BF4B-00C04F79EFBC}") = "Nulah.RSS.Avalonia", "Nulah.RSS.Avalonia\Nulah.RSS.Avalonia.csproj", "{AB91DBDE-E227-414B-872B-C6237F7C1F7C}"
EndProject
Global
	GlobalSection(SolutionConfigurationPlatforms) = preSolution
		Debug|Any CPU = Debug|Any CPU
		Release|Any CPU = Release|Any CPU
	EndGlobalSection
	GlobalSection(ProjectConfigurationPlatforms) = postSolution
		{302E3BFD-B11B-4D63-9C84-5E0FBC17DC01}.Debug|Any CPU.ActiveCfg = Debug|Any CPU
		{302E3BFD-B11B-4D63-9C84-5E0FBC17DC01}.Debug|Any CPU.Build.0 = Debug|Any CPU
		{302E3BFD-B11B-4D63-9C84-5E0FBC17DC01}.Release|Any CPU.ActiveCfg = Release|Any CPU
		{302E3BFD-B11B-4D63-9C84-5E0FBC17DC01}.Release|Any CPU.Build.0 = Release|Any CPU
		{C9C412D8-BD93-41CD-A0CD-BAEA21602C42}.Debug|Any CPU.ActiveCfg = Debug|Any CPU
		{C9C412D8-BD93-41CD-A0CD-BAEA21602C42}.Debug|Any CPU.Build.0 = Debug|Any CPU
		{C9C412D8-BD93-41CD-A0CD-BAEA21602C42}.Release|Any CPU.ActiveCfg = Release|Any CPU
		{C9C412D8-BD93-41CD-A0CD-BAEA21602C42}.Release|Any CPU.Build.0 = Release|Any CPU
		{BFA71A1F-AC8C-497A-8691-B6C8B62E9F58}.Debug|Any CPU.ActiveCfg = Debug|Any CPU
		{BFA71A1F-AC8C-497A-8691-B6C8B62E9F58}.Debug|Any CPU.Build.0 = Debug|Any CPU
		{BFA71A1F-AC8C-497A-8691-B6C8B62E9F58}.Release|Any CPU.ActiveCfg = Release|Any CPU
		{BFA71A1F-AC8C-497A-8691-B6C8B62E9F58}.Release|Any CPU.Build.0 = Release|Any CPU
		{BD5C123B-3327-4DF7-AD67-AC2631AF78D6}.Debug|Any CPU.ActiveCfg = Debug|Any CPU
		{BD5C123B-3327-4DF7-AD67-AC2631AF78D6}.Debug|Any CPU.Build.0 = Debug|Any CPU
		{BD5C123B-3327-4DF7-AD67-AC2631AF78D6}.Release|Any CPU.ActiveCfg = Release|Any CPU
		{BD5C123B-3327-4DF7-AD67-AC2631AF78D6}.Release|Any CPU.Build.0 = Release|Any CPU
		{6A61519B-31BD-48B0-9F6E-052DC6E3CA24}.Debug|Any CPU.ActiveCfg = Debug|Any CPU
		{6A61519B-31BD-48B0-9F6E-052DC6E3CA24}.Debug|Any CPU.Build.0 = Debug|Any CPU
		{6A61519B-31BD-48B0-9F6E-052DC6E3CA24}.Release|Any CPU.ActiveCfg = Release|Any CPU
		{6A61519B-31BD-48B0-9F6E-052DC6E3CA24}.Release|Any CPU.Build.0 = Release|Any CPU
		{77ADD17E-CBC4-45B2-8804-C7D9CF3D68FA}.Debug|Any CPU.ActiveCfg = Debug|Any CPU
		{77ADD17E-CBC4-45B2-8804-C7D9CF3D68FA}.Debug|Any CPU.Build.0 = Debug|Any CPU
		{77ADD17E-CBC4-45B2-8804-C7D9CF3D68FA}.Release|Any CPU.ActiveCfg = Release|Any CPU
		{77ADD17E-CBC4-45B2-8804-C7D9CF3D68FA}.Release|Any CPU.Build.0 = Release|Any CPU
		{21526BE3-D4CF-42FC-9EC1-E75339DF8189}.Debug|Any CPU.ActiveCfg = Debug|Any CPU
		{21526BE3-D4CF-42FC-9EC1-E75339DF8189}.Debug|Any CPU.Build.0 = Debug|Any CPU
		{21526BE3-D4CF-42FC-9EC1-E75339DF8189}.Release|Any CPU.ActiveCfg = Release|Any CPU
		{21526BE3-D4CF-42FC-9EC1-E75339DF8189}.Release|Any CPU.Build.0 = Release|Any CPU
		{4B29B928-4F45-4E7A-A240-D01B484689C3}.Debug|Any CPU.ActiveCfg = Debug|Any CPU
		{4B29B928-4F45-4E7A-A240-D01B484689C3}.Debug|Any CPU.Build.0 = Debug|Any CPU
		{4B29B928-4F45-4E7A-A240-D01B484689C3}.Release|Any CPU.ActiveCfg = Release|Any CPU
		{4B29B928-4F45-4E7A-A240-D01B484689C3}.Release|Any CPU.Build.0 = Release|Any CPU
		{AB91DBDE-E227-414B-872B-C6237F7C1F7C}.Debug|Any CPU.ActiveCfg = Debug|Any CPU
		{AB91DBDE-E227-414B-872B-C6237F7C1F7C}.Debug|Any CPU.Build.0 = Debug|Any CPU
		{AB91DBDE-E227-414B-872B-C6237F7C1F7C}.Release|Any CPU.ActiveCfg = Release|Any CPU
		{AB91DBDE-E227-414B-872B-C6237F7C1F7C}.Release|Any CPU.Build.0 = Release|Any CPU
	EndGlobalSection
	GlobalSection(NestedProjects) = preSolution
		{77ADD17E-CBC4-45B2-8804-C7D9CF3D68FA} = {2F9629E2-62C0-4FD6-B1D6-1367072D4DFF}
		{21526BE3-D4CF-42FC-9EC1-E75339DF8189} = {2F9629E2-62C0-4FD6-B1D6-1367072D4DFF}
		{4B29B928-4F45-4E7A-A240-D01B484689C3} = {2F9629E2-62C0-4FD6-B1D6-1367072D4DFF}
	EndGlobalSection
EndGlobal
